{
  "object": {
    "pins": [
      {
        "package": "MKit",
        "repositoryURL": "https://github.com/MartinPrusa/MKit.git",
        "state": {
          "branch": null,
          "revision": "468266a852d030235e54f7db7be452c15bce630b",
          "version": "1.0.1"
        }
      }
    ]
  },
  "version": 1
}
