{
  "object": {
    "pins": [
      {
        "package": "MKit",
        "repositoryURL": "https://github.com/MartinPrusa/MKit.git",
        "state": {
          "branch": null,
          "revision": "89ee6e0980b35395c91156b2dfc69fef1506b7ca",
          "version": "1.0.3"
        }
      }
    ]
  },
  "version": 1
}
