{
  "object": {
    "pins": [
      {
        "package": "MKit",
        "repositoryURL": "https://github.com/MartinPrusa/MKit.git",
        "state": {
          "branch": null,
          "revision": "186e6e2b92e27d11dc3709bb09acbee3e5fb8c04",
          "version": "1.0.2"
        }
      }
    ]
  },
  "version": 1
}
